
Microsoft Visual Studio Solution File, Format Version 12.00
# Visual Studio 15
VisualStudioVersion = 15.0.27009.1
MinimumVisualStudioVersion = 10.0.40219.1
Project("{9A19103F-16F7-4668-BE54-9A1E7A4F7556}") = "CommuteStatusDataAPI", "train\train.csproj", "{FC6E215A-F3E2-4E5B-B0DA-90453A132999}"
EndProject
Global
	GlobalSection(SolutionConfigurationPlatforms) = preSolution
		Debug|Any CPU = Debug|Any CPU
		Release|Any CPU = Release|Any CPU
	EndGlobalSection
	GlobalSection(ProjectConfigurationPlatforms) = postSolution
		{FC6E215A-F3E2-4E5B-B0DA-90453A132999}.Debug|Any CPU.ActiveCfg = Debug|Any CPU
		{FC6E215A-F3E2-4E5B-B0DA-90453A132999}.Debug|Any CPU.Build.0 = Debug|Any CPU
		{FC6E215A-F3E2-4E5B-B0DA-90453A132999}.Release|Any CPU.ActiveCfg = Release|Any CPU
		{FC6E215A-F3E2-4E5B-B0DA-90453A132999}.Release|Any CPU.Build.0 = Release|Any CPU
	EndGlobalSection
	GlobalSection(SolutionProperties) = preSolution
		HideSolutionNode = FALSE
	EndGlobalSection
	GlobalSection(ExtensibilityGlobals) = postSolution
		SolutionGuid = {0A3C1FA3-E640-4E48-B9A1-27A4D3DCD557}
	EndGlobalSection
EndGlobal
